
Microsoft Visual Studio Solution File, Format Version 12.00
# Visual Studio Version 17
VisualStudioVersion = 17.4.33205.214
MinimumVisualStudioVersion = 10.0.40219.1
Project("{888888A0-9F3D-457C-B088-3A5042F75D52}") = "autoriseerimine", "autoriseerimine.pyproj", "{8D041685-9F88-49B0-B231-69EE700F9E5D}"
EndProject
Global
	GlobalSection(SolutionConfigurationPlatforms) = preSolution
		Debug|Any CPU = Debug|Any CPU
		Release|Any CPU = Release|Any CPU
	EndGlobalSection
	GlobalSection(ProjectConfigurationPlatforms) = postSolution
		{8D041685-9F88-49B0-B231-69EE700F9E5D}.Debug|Any CPU.ActiveCfg = Debug|Any CPU
		{8D041685-9F88-49B0-B231-69EE700F9E5D}.Release|Any CPU.ActiveCfg = Release|Any CPU
	EndGlobalSection
	GlobalSection(SolutionProperties) = preSolution
		HideSolutionNode = FALSE
	EndGlobalSection
	GlobalSection(ExtensibilityGlobals) = postSolution
		SolutionGuid = {F00A3986-26BA-46AA-B8A7-0095E792E1FA}
	EndGlobalSection
EndGlobal
